
Microsoft Visual Studio Solution File, Format Version 12.00
# Visual Studio Version 17
VisualStudioVersion = 17.0.31919.166
MinimumVisualStudioVersion = 10.0.40219.1
Project("{FAE04EC0-301F-11D3-BF4B-00C04F79EFBC}") = "MinhaAppVS", "MinhaAppVS\MinhaAppVS.csproj", "{CA891ECF-B90A-4C3B-AB25-29965F38A7A0}"
EndProject
Global
	GlobalSection(SolutionConfigurationPlatforms) = preSolution
		Debug|Any CPU = Debug|Any CPU
		Release|Any CPU = Release|Any CPU
	EndGlobalSection
	GlobalSection(ProjectConfigurationPlatforms) = postSolution
		{CA891ECF-B90A-4C3B-AB25-29965F38A7A0}.Debug|Any CPU.ActiveCfg = Debug|Any CPU
		{CA891ECF-B90A-4C3B-AB25-29965F38A7A0}.Debug|Any CPU.Build.0 = Debug|Any CPU
		{CA891ECF-B90A-4C3B-AB25-29965F38A7A0}.Release|Any CPU.ActiveCfg = Release|Any CPU
		{CA891ECF-B90A-4C3B-AB25-29965F38A7A0}.Release|Any CPU.Build.0 = Release|Any CPU
	EndGlobalSection
	GlobalSection(SolutionProperties) = preSolution
		HideSolutionNode = FALSE
	EndGlobalSection
	GlobalSection(ExtensibilityGlobals) = postSolution
		SolutionGuid = {9FF5C925-ED63-474C-BD24-780286DFB08E}
	EndGlobalSection
EndGlobal
